Microsoft Visual Studio Solution File, Format Version 12.00
# Visual Studio Version 17
VisualStudioVersion = 17.0.31903.59
MinimumVisualStudioVersion = 10.0.40219.1
Project("{FAE04EC0-301F-11D3-BF4B-00C04F79EFBC}") = "PizzaMaker", "PizzaMaker\PizzaMaker.csproj", "{C921FDB0-0DF2-45C7-BEA2-14B14EA97961}"
EndProject
Project("{FAE04EC0-301F-11D3-BF4B-00C04F79EFBC}") = "PizzaMakerClassLibrary", "PizzaMakerClassLibrary\PizzaMakerClassLibrary.csproj", "{D8D95CB0-29A3-4DBC-A57C-9FBCE72502C2}"
EndProject
Global
    GlobalSection(SolutionConfigurationPlatforms) = preSolution
        Debug|Any CPU = Debug|Any CPU
        Release|Any CPU = Release|Any CPU
    EndGlobalSection
    GlobalSection(ProjectConfigurationPlatforms) = postSolution
        {C921FDB0-0DF2-45C7-BEA2-14B14EA97961}.Debug|Any CPU.ActiveCfg = Debug|Any CPU
        {C921FDB0-0DF2-45C7-BEA2-14B14EA97961}.Debug|Any CPU.Build.0 = Debug|Any CPU
        {C921FDB0-0DF2-45C7-BEA2-14B14EA97961}.Release|Any CPU.ActiveCfg = Release|Any CPU
        {C921FDB0-0DF2-45C7-BEA2-14B14EA97961}.Release|Any CPU.Build.0 = Release|Any CPU
        {D8D95CB0-29A3-4DBC-A57C-9FBCE72502C2}.Debug|Any CPU.ActiveCfg = Debug|Any CPU
        {D8D95CB0-29A3-4DBC-A57C-9FBCE72502C2}.Debug|Any CPU.Build.0 = Debug|Any CPU
        {D8D95CB0-29A3-4DBC-A57C-9FBCE72502C2}.Release|Any CPU.ActiveCfg = Release|Any CPU
        {D8D95CB0-29A3-4DBC-A57C-9FBCE72502C2}.Release|Any CPU.Build.0 = Release|Any CPU
    EndGlobalSection
EndGlobal
